// !$*UTF8*$!
{
	archiveVersion = 1;
	classes = {
	};
	objectVersion = 46;
	objects = {

/* Begin PBXBuildFile section */
		7E4066B61B212BCB00E0AC41 /* DodoAnimation.swift in Sources */ = {isa = PBXBuildFile; fileRef = 7E4066B51B212BCB00E0AC41 /* DodoAnimation.swift */; };
		7E4066B81B212C7000E0AC41 /* DodoAnimations.swift in Sources */ = {isa = PBXBuildFile; fileRef = 7E4066B71B212C7000E0AC41 /* DodoAnimations.swift */; };
		7E4066B91B2131F900E0AC41 /* DodoAnimations.swift in Sources */ = {isa = PBXBuildFile; fileRef = 7E4066B71B212C7000E0AC41 /* DodoAnimations.swift */; };
		7E4066BA1B2131FE00E0AC41 /* DodoAnimation.swift in Sources */ = {isa = PBXBuildFile; fileRef = 7E4066B51B212BCB00E0AC41 /* DodoAnimation.swift */; };
		7E49464C1B2665FF00915DB3 /* Icons.xcassets in Resources */ = {isa = PBXBuildFile; fileRef = 7E49464B1B2665FF00915DB3 /* Icons.xcassets */; };
		7E49464E1B26664B00915DB3 /* DodoIcons.swift in Sources */ = {isa = PBXBuildFile; fileRef = 7E49464D1B26664B00915DB3 /* DodoIcons.swift */; };
		7E49464F1B2666DF00915DB3 /* DodoIcons.swift in Sources */ = {isa = PBXBuildFile; fileRef = 7E49464D1B26664B00915DB3 /* DodoIcons.swift */; };
		7E4946501B26705F00915DB3 /* Icons.xcassets in Resources */ = {isa = PBXBuildFile; fileRef = 7E49464B1B2665FF00915DB3 /* Icons.xcassets */; };
		7E4946541B26942000915DB3 /* DodoButtonViewDelegate.swift in Sources */ = {isa = PBXBuildFile; fileRef = 7E4946531B26942000915DB3 /* DodoButtonViewDelegate.swift */; };
		7E4946551B26942C00915DB3 /* DodoButtonViewDelegate.swift in Sources */ = {isa = PBXBuildFile; fileRef = 7E4946531B26942000915DB3 /* DodoButtonViewDelegate.swift */; };
		7E4946581B26955600915DB3 /* ButtonViewDelegateMock.swift in Sources */ = {isa = PBXBuildFile; fileRef = 7E4946571B26955600915DB3 /* ButtonViewDelegateMock.swift */; };
		7E8806181B281886005F8297 /* Dodo.png in Resources */ = {isa = PBXBuildFile; fileRef = 7E8806171B281886005F8297 /* Dodo.png */; };
		7EC51DA41B215C070070019F /* DodoAnimationsShow.swift in Sources */ = {isa = PBXBuildFile; fileRef = 7EC51DA31B215C070070019F /* DodoAnimationsShow.swift */; };
		7EC51DA61B215C9D0070019F /* DodoAnimationsHide.swift in Sources */ = {isa = PBXBuildFile; fileRef = 7EC51DA51B215C9D0070019F /* DodoAnimationsHide.swift */; };
		7EC51DA71B215D450070019F /* DodoAnimationsShow.swift in Sources */ = {isa = PBXBuildFile; fileRef = 7EC51DA31B215C070070019F /* DodoAnimationsShow.swift */; };
		7EC51DA81B215D470070019F /* DodoAnimationsHide.swift in Sources */ = {isa = PBXBuildFile; fileRef = 7EC51DA51B215C9D0070019F /* DodoAnimationsHide.swift */; };
		7EDF78651B2105F300A9597E /* Dodo.h in Headers */ = {isa = PBXBuildFile; fileRef = 7EDF78641B2105F300A9597E /* Dodo.h */; settings = {ATTRIBUTES = (Public, ); }; };
		7EDF786B1B2105F300A9597E /* Dodo.framework in Frameworks */ = {isa = PBXBuildFile; fileRef = 7EDF785F1B2105F300A9597E /* Dodo.framework */; };
		7EDF789E1B21068800A9597E /* DodoButtonOnTap.swift in Sources */ = {isa = PBXBuildFile; fileRef = 7EDF78811B21068800A9597E /* DodoButtonOnTap.swift */; };
		7EDF789F1B21068800A9597E /* DodoButtonView.swift in Sources */ = {isa = PBXBuildFile; fileRef = 7EDF78821B21068800A9597E /* DodoButtonView.swift */; };
		7EDF78A01B21068800A9597E /* DodoTouchTarget.swift in Sources */ = {isa = PBXBuildFile; fileRef = 7EDF78841B21068800A9597E /* DodoTouchTarget.swift */; };
		7EDF78A21B21068800A9597E /* DodoToolbar.swift in Sources */ = {isa = PBXBuildFile; fileRef = 7EDF78861B21068800A9597E /* DodoToolbar.swift */; };
		7EDF78A31B21068800A9597E /* DodoBarDefaultStyles.swift in Sources */ = {isa = PBXBuildFile; fileRef = 7EDF78881B21068800A9597E /* DodoBarDefaultStyles.swift */; };
		7EDF78A41B21068800A9597E /* DodoBarStyle.swift in Sources */ = {isa = PBXBuildFile; fileRef = 7EDF78891B21068800A9597E /* DodoBarStyle.swift */; };
		7EDF78A51B21068800A9597E /* DodoButtonDefaultStyles.swift in Sources */ = {isa = PBXBuildFile; fileRef = 7EDF788A1B21068800A9597E /* DodoButtonDefaultStyles.swift */; };
		7EDF78A61B21068800A9597E /* DodoButtonStyle.swift in Sources */ = {isa = PBXBuildFile; fileRef = 7EDF788B1B21068800A9597E /* DodoButtonStyle.swift */; };
		7EDF78A71B21068800A9597E /* DodoLabelDefaultStyles.swift in Sources */ = {isa = PBXBuildFile; fileRef = 7EDF788C1B21068800A9597E /* DodoLabelDefaultStyles.swift */; };
		7EDF78A81B21068800A9597E /* DodoLabelStyle.swift in Sources */ = {isa = PBXBuildFile; fileRef = 7EDF788D1B21068800A9597E /* DodoLabelStyle.swift */; };
		7EDF78A91B21068800A9597E /* DodoPresets.swift in Sources */ = {isa = PBXBuildFile; fileRef = 7EDF788E1B21068800A9597E /* DodoPresets.swift */; };
		7EDF78AA1B21068800A9597E /* DodoStyle.swift in Sources */ = {isa = PBXBuildFile; fileRef = 7EDF788F1B21068800A9597E /* DodoStyle.swift */; };
		7EDF78AB1B21068800A9597E /* Dodo.swift in Sources */ = {isa = PBXBuildFile; fileRef = 7EDF78901B21068800A9597E /* Dodo.swift */; };
		7EDF78AC1B21068800A9597E /* UIView+SwiftAlertBar.swift in Sources */ = {isa = PBXBuildFile; fileRef = 7EDF78931B21068800A9597E /* UIView+SwiftAlertBar.swift */; };
		7EDF78AD1B21068800A9597E /* MoaTimer.swift in Sources */ = {isa = PBXBuildFile; fileRef = 7EDF78951B21068800A9597E /* MoaTimer.swift */; };
		7EDF78AE1B21068800A9597E /* OnTap.swift in Sources */ = {isa = PBXBuildFile; fileRef = 7EDF78961B21068800A9597E /* OnTap.swift */; };
		7EDF78AF1B21068800A9597E /* SpringAnimationCALayer.swift in Sources */ = {isa = PBXBuildFile; fileRef = 7EDF78971B21068800A9597E /* SpringAnimationCALayer.swift */; };
		7EDF78B01B21068800A9597E /* TegAutolayoutConstraints.swift in Sources */ = {isa = PBXBuildFile; fileRef = 7EDF78981B21068800A9597E /* TegAutolayoutConstraints.swift */; };
		7EDF78B11B21068800A9597E /* DodoColor.swift in Sources */ = {isa = PBXBuildFile; fileRef = 7EDF78991B21068800A9597E /* DodoColor.swift */; };
		7EDF78C91B2106CD00A9597E /* DodoButtonViewTests.swift in Sources */ = {isa = PBXBuildFile; fileRef = 7EDF78B31B2106CD00A9597E /* DodoButtonViewTests.swift */; };
		7EDF78CA1B2106CD00A9597E /* DodoTouchTargetTests.swift in Sources */ = {isa = PBXBuildFile; fileRef = 7EDF78B51B2106CD00A9597E /* DodoTouchTargetTests.swift */; };
		7EDF78CB1B2106CD00A9597E /* 67px.png in Resources */ = {isa = PBXBuildFile; fileRef = 7EDF78B71B2106CD00A9597E /* 67px.png */; };
		7EDF78CC1B2106CD00A9597E /* 96px.png in Resources */ = {isa = PBXBuildFile; fileRef = 7EDF78B81B2106CD00A9597E /* 96px.png */; };
		7EDF78CD1B2106CD00A9597E /* red_and_green.png in Resources */ = {isa = PBXBuildFile; fileRef = 7EDF78B91B2106CD00A9597E /* red_and_green.png */; };
		7EDF78CF1B2106CD00A9597E /* DodoToolbarTests.swift in Sources */ = {isa = PBXBuildFile; fileRef = 7EDF78BC1B2106CD00A9597E /* DodoToolbarTests.swift */; };
		7EDF78D01B2106CD00A9597E /* DodoPresetsTests.swift in Sources */ = {isa = PBXBuildFile; fileRef = 7EDF78BE1B2106CD00A9597E /* DodoPresetsTests.swift */; };
		7EDF78D11B2106CD00A9597E /* DodoStyleTests.swift in Sources */ = {isa = PBXBuildFile; fileRef = 7EDF78BF1B2106CD00A9597E /* DodoStyleTests.swift */; };
		7EDF78D21B2106CD00A9597E /* DodoTests.swift in Sources */ = {isa = PBXBuildFile; fileRef = 7EDF78C01B2106CD00A9597E /* DodoTests.swift */; };
		7EDF78D31B2106CD00A9597E /* PixelColor.swift in Sources */ = {isa = PBXBuildFile; fileRef = 7EDF78C21B2106CD00A9597E /* PixelColor.swift */; };
		7EDF78D41B2106CD00A9597E /* PixelColorTests.swift in Sources */ = {isa = PBXBuildFile; fileRef = 7EDF78C31B2106CD00A9597E /* PixelColorTests.swift */; };
		7EDF78D51B2106CD00A9597E /* TestBundle.swift in Sources */ = {isa = PBXBuildFile; fileRef = 7EDF78C41B2106CD00A9597E /* TestBundle.swift */; };
		7EDF78D61B2106CD00A9597E /* XCTestCase+Helpers.swift in Sources */ = {isa = PBXBuildFile; fileRef = 7EDF78C51B2106CD00A9597E /* XCTestCase+Helpers.swift */; };
		7EDF78D71B2106CD00A9597E /* UIView+SwiftAlertBarTests.swift in Sources */ = {isa = PBXBuildFile; fileRef = 7EDF78C61B2106CD00A9597E /* UIView+SwiftAlertBarTests.swift */; };
		7EDF78D81B2106CD00A9597E /* DodoColorTests.swift in Sources */ = {isa = PBXBuildFile; fileRef = 7EDF78C81B2106CD00A9597E /* DodoColorTests.swift */; };
		7EDF78DD1B21070A00A9597E /* DodoButtonOnTap.swift in Sources */ = {isa = PBXBuildFile; fileRef = 7EDF78811B21068800A9597E /* DodoButtonOnTap.swift */; };
		7EDF78DE1B21070A00A9597E /* DodoButtonView.swift in Sources */ = {isa = PBXBuildFile; fileRef = 7EDF78821B21068800A9597E /* DodoButtonView.swift */; };
		7EDF78DF1B21070E00A9597E /* DodoTouchTarget.swift in Sources */ = {isa = PBXBuildFile; fileRef = 7EDF78841B21068800A9597E /* DodoTouchTarget.swift */; };
		7EDF78E01B21071500A9597E /* DodoBarDefaultStyles.swift in Sources */ = {isa = PBXBuildFile; fileRef = 7EDF78881B21068800A9597E /* DodoBarDefaultStyles.swift */; };
		7EDF78E11B21071500A9597E /* DodoBarStyle.swift in Sources */ = {isa = PBXBuildFile; fileRef = 7EDF78891B21068800A9597E /* DodoBarStyle.swift */; };
		7EDF78E21B21071500A9597E /* DodoButtonDefaultStyles.swift in Sources */ = {isa = PBXBuildFile; fileRef = 7EDF788A1B21068800A9597E /* DodoButtonDefaultStyles.swift */; };
		7EDF78E31B21071500A9597E /* DodoButtonStyle.swift in Sources */ = {isa = PBXBuildFile; fileRef = 7EDF788B1B21068800A9597E /* DodoButtonStyle.swift */; };
		7EDF78E41B21071500A9597E /* DodoLabelDefaultStyles.swift in Sources */ = {isa = PBXBuildFile; fileRef = 7EDF788C1B21068800A9597E /* DodoLabelDefaultStyles.swift */; };
		7EDF78E51B21071500A9597E /* DodoLabelStyle.swift in Sources */ = {isa = PBXBuildFile; fileRef = 7EDF788D1B21068800A9597E /* DodoLabelStyle.swift */; };
		7EDF78E61B21071500A9597E /* DodoPresets.swift in Sources */ = {isa = PBXBuildFile; fileRef = 7EDF788E1B21068800A9597E /* DodoPresets.swift */; };
		7EDF78E71B21071500A9597E /* DodoStyle.swift in Sources */ = {isa = PBXBuildFile; fileRef = 7EDF788F1B21068800A9597E /* DodoStyle.swift */; };
		7EDF78E81B21072200A9597E /* MoaTimer.swift in Sources */ = {isa = PBXBuildFile; fileRef = 7EDF78951B21068800A9597E /* MoaTimer.swift */; };
		7EDF78E91B21072200A9597E /* OnTap.swift in Sources */ = {isa = PBXBuildFile; fileRef = 7EDF78961B21068800A9597E /* OnTap.swift */; };
		7EDF78EA1B21072200A9597E /* SpringAnimationCALayer.swift in Sources */ = {isa = PBXBuildFile; fileRef = 7EDF78971B21068800A9597E /* SpringAnimationCALayer.swift */; };
		7EDF78EB1B21072200A9597E /* TegAutolayoutConstraints.swift in Sources */ = {isa = PBXBuildFile; fileRef = 7EDF78981B21068800A9597E /* TegAutolayoutConstraints.swift */; };
		7EDF78EC1B21072200A9597E /* DodoColor.swift in Sources */ = {isa = PBXBuildFile; fileRef = 7EDF78991B21068800A9597E /* DodoColor.swift */; };
		7EDF78EE1B21072900A9597E /* DodoToolbar.swift in Sources */ = {isa = PBXBuildFile; fileRef = 7EDF78861B21068800A9597E /* DodoToolbar.swift */; };
		7EDF78EF1B21072900A9597E /* Dodo.swift in Sources */ = {isa = PBXBuildFile; fileRef = 7EDF78901B21068800A9597E /* Dodo.swift */; };
		7EDF78F01B21072900A9597E /* UIView+SwiftAlertBar.swift in Sources */ = {isa = PBXBuildFile; fileRef = 7EDF78931B21068800A9597E /* UIView+SwiftAlertBar.swift */; };
		7EDF78FA1B210BBC00A9597E /* AppDelegate.swift in Sources */ = {isa = PBXBuildFile; fileRef = 7EDF78F91B210BBC00A9597E /* AppDelegate.swift */; };
		7EDF78FC1B210BBC00A9597E /* ViewController.swift in Sources */ = {isa = PBXBuildFile; fileRef = 7EDF78FB1B210BBC00A9597E /* ViewController.swift */; };
		7EDF79011B210BBC00A9597E /* Images.xcassets in Resources */ = {isa = PBXBuildFile; fileRef = 7EDF79001B210BBC00A9597E /* Images.xcassets */; };
		7EDF79041B210BBC00A9597E /* LaunchScreen.xib in Resources */ = {isa = PBXBuildFile; fileRef = 7EDF79021B210BBC00A9597E /* LaunchScreen.xib */; };
		7EDF79181B210BFE00A9597E /* Main.storyboard in Resources */ = {isa = PBXBuildFile; fileRef = 7EDF79171B210BFE00A9597E /* Main.storyboard */; };
		7EDF791D1B210C1000A9597E /* black.png in Resources */ = {isa = PBXBuildFile; fileRef = 7EDF791A1B210C1000A9597E /* black.png */; };
		7EDF791E1B210C1000A9597E /* flowers.jpg in Resources */ = {isa = PBXBuildFile; fileRef = 7EDF791B1B210C1000A9597E /* flowers.jpg */; };
		7EDF791F1B210C1000A9597E /* white.png in Resources */ = {isa = PBXBuildFile; fileRef = 7EDF791C1B210C1000A9597E /* white.png */; };
		7EDF79201B210C5300A9597E /* MoaTimer.swift in Sources */ = {isa = PBXBuildFile; fileRef = 7EDF78951B21068800A9597E /* MoaTimer.swift */; };
		7EDF79211B210CD100A9597E /* TegAutolayoutConstraints.swift in Sources */ = {isa = PBXBuildFile; fileRef = 7EDF78981B21068800A9597E /* TegAutolayoutConstraints.swift */; };
		7EDF79221B210DC500A9597E /* Dodo.framework in Frameworks */ = {isa = PBXBuildFile; fileRef = 7EDF785F1B2105F300A9597E /* Dodo.framework */; };
		7EDF79231B210DC500A9597E /* Dodo.framework in Embed Frameworks */ = {isa = PBXBuildFile; fileRef = 7EDF785F1B2105F300A9597E /* Dodo.framework */; settings = {ATTRIBUTES = (CodeSignOnCopy, RemoveHeadersOnCopy, ); }; };
		7EDF79271B210DEE00A9597E /* SpringAnimationCALayer.swift in Sources */ = {isa = PBXBuildFile; fileRef = 7EDF78971B21068800A9597E /* SpringAnimationCALayer.swift */; };
		7EF94B9E1B29207F006B4429 /* DodoInterface.swift in Sources */ = {isa = PBXBuildFile; fileRef = 7EF94B9D1B29207F006B4429 /* DodoInterface.swift */; };
/* End PBXBuildFile section */

/* Begin PBXContainerItemProxy section */
		7EDF786C1B2105F300A9597E /* PBXContainerItemProxy */ = {
			isa = PBXContainerItemProxy;
			containerPortal = 7EDF78561B2105F300A9597E /* Project object */;
			proxyType = 1;
			remoteGlobalIDString = 7EDF785E1B2105F300A9597E;
			remoteInfo = Dodo;
		};
		7EDF79241B210DC500A9597E /* PBXContainerItemProxy */ = {
			isa = PBXContainerItemProxy;
			containerPortal = 7EDF78561B2105F300A9597E /* Project object */;
			proxyType = 1;
			remoteGlobalIDString = 7EDF785E1B2105F300A9597E;
			remoteInfo = Dodo;
		};
/* End PBXContainerItemProxy section */

/* Begin PBXCopyFilesBuildPhase section */
		7EDF79261B210DC600A9597E /* Embed Frameworks */ = {
			isa = PBXCopyFilesBuildPhase;
			buildActionMask = 2147483647;
			dstPath = "";
			dstSubfolderSpec = 10;
			files = (
				7EDF79231B210DC500A9597E /* Dodo.framework in Embed Frameworks */,
			);
			name = "Embed Frameworks";
			runOnlyForDeploymentPostprocessing = 0;
		};
/* End PBXCopyFilesBuildPhase section */

/* Begin PBXFileReference section */
		7E4066B51B212BCB00E0AC41 /* DodoAnimation.swift */ = {isa = PBXFileReference; fileEncoding = 4; lastKnownFileType = sourcecode.swift; path = DodoAnimation.swift; sourceTree = "<group>"; };
		7E4066B71B212C7000E0AC41 /* DodoAnimations.swift */ = {isa = PBXFileReference; fileEncoding = 4; lastKnownFileType = sourcecode.swift; path = DodoAnimations.swift; sourceTree = "<group>"; };
		7E49464B1B2665FF00915DB3 /* Icons.xcassets */ = {isa = PBXFileReference; lastKnownFileType = folder.assetcatalog; path = Icons.xcassets; sourceTree = "<group>"; };
		7E49464D1B26664B00915DB3 /* DodoIcons.swift */ = {isa = PBXFileReference; fileEncoding = 4; lastKnownFileType = sourcecode.swift; path = DodoIcons.swift; sourceTree = "<group>"; };
		7E4946531B26942000915DB3 /* DodoButtonViewDelegate.swift */ = {isa = PBXFileReference; fileEncoding = 4; lastKnownFileType = sourcecode.swift; path = DodoButtonViewDelegate.swift; sourceTree = "<group>"; };
		7E4946571B26955600915DB3 /* ButtonViewDelegateMock.swift */ = {isa = PBXFileReference; fileEncoding = 4; lastKnownFileType = sourcecode.swift; path = ButtonViewDelegateMock.swift; sourceTree = "<group>"; };
		7E7084A71B27AC0A00D0E36D /* DodoDistrib.swift */ = {isa = PBXFileReference; fileEncoding = 4; lastKnownFileType = sourcecode.swift; path = DodoDistrib.swift; sourceTree = "<group>"; };
		7E8806171B281886005F8297 /* Dodo.png */ = {isa = PBXFileReference; lastKnownFileType = image.png; path = Dodo.png; sourceTree = "<group>"; };
		7EC51DA31B215C070070019F /* DodoAnimationsShow.swift */ = {isa = PBXFileReference; fileEncoding = 4; lastKnownFileType = sourcecode.swift; path = DodoAnimationsShow.swift; sourceTree = "<group>"; };
		7EC51DA51B215C9D0070019F /* DodoAnimationsHide.swift */ = {isa = PBXFileReference; fileEncoding = 4; lastKnownFileType = sourcecode.swift; path = DodoAnimationsHide.swift; sourceTree = "<group>"; };
		7EDF785F1B2105F300A9597E /* Dodo.framework */ = {isa = PBXFileReference; explicitFileType = wrapper.framework; includeInIndex = 0; path = Dodo.framework; sourceTree = BUILT_PRODUCTS_DIR; };
		7EDF78631B2105F300A9597E /* Info.plist */ = {isa = PBXFileReference; lastKnownFileType = text.plist.xml; path = Info.plist; sourceTree = "<group>"; };
		7EDF78641B2105F300A9597E /* Dodo.h */ = {isa = PBXFileReference; lastKnownFileType = sourcecode.c.h; path = Dodo.h; sourceTree = "<group>"; };
		7EDF786A1B2105F300A9597E /* DodoTests.xctest */ = {isa = PBXFileReference; explicitFileType = wrapper.cfbundle; includeInIndex = 0; path = DodoTests.xctest; sourceTree = BUILT_PRODUCTS_DIR; };
		7EDF78701B2105F300A9597E /* Info.plist */ = {isa = PBXFileReference; lastKnownFileType = text.plist.xml; path = Info.plist; sourceTree = "<group>"; };
		7EDF78811B21068800A9597E /* DodoButtonOnTap.swift */ = {isa = PBXFileReference; fileEncoding = 4; lastKnownFileType = sourcecode.swift; path = DodoButtonOnTap.swift; sourceTree = "<group>"; };
		7EDF78821B21068800A9597E /* DodoButtonView.swift */ = {isa = PBXFileReference; fileEncoding = 4; lastKnownFileType = sourcecode.swift; path = DodoButtonView.swift; sourceTree = "<group>"; };
		7EDF78841B21068800A9597E /* DodoTouchTarget.swift */ = {isa = PBXFileReference; fileEncoding = 4; lastKnownFileType = sourcecode.swift; path = DodoTouchTarget.swift; sourceTree = "<group>"; };
		7EDF78861B21068800A9597E /* DodoToolbar.swift */ = {isa = PBXFileReference; fileEncoding = 4; lastKnownFileType = sourcecode.swift; path = DodoToolbar.swift; sourceTree = "<group>"; };
		7EDF78881B21068800A9597E /* DodoBarDefaultStyles.swift */ = {isa = PBXFileReference; fileEncoding = 4; lastKnownFileType = sourcecode.swift; path = DodoBarDefaultStyles.swift; sourceTree = "<group>"; };
		7EDF78891B21068800A9597E /* DodoBarStyle.swift */ = {isa = PBXFileReference; fileEncoding = 4; lastKnownFileType = sourcecode.swift; path = DodoBarStyle.swift; sourceTree = "<group>"; };
		7EDF788A1B21068800A9597E /* DodoButtonDefaultStyles.swift */ = {isa = PBXFileReference; fileEncoding = 4; lastKnownFileType = sourcecode.swift; path = DodoButtonDefaultStyles.swift; sourceTree = "<group>"; };
		7EDF788B1B21068800A9597E /* DodoButtonStyle.swift */ = {isa = PBXFileReference; fileEncoding = 4; lastKnownFileType = sourcecode.swift; path = DodoButtonStyle.swift; sourceTree = "<group>"; };
		7EDF788C1B21068800A9597E /* DodoLabelDefaultStyles.swift */ = {isa = PBXFileReference; fileEncoding = 4; lastKnownFileType = sourcecode.swift; path = DodoLabelDefaultStyles.swift; sourceTree = "<group>"; };
		7EDF788D1B21068800A9597E /* DodoLabelStyle.swift */ = {isa = PBXFileReference; fileEncoding = 4; lastKnownFileType = sourcecode.swift; path = DodoLabelStyle.swift; sourceTree = "<group>"; };
		7EDF788E1B21068800A9597E /* DodoPresets.swift */ = {isa = PBXFileReference; fileEncoding = 4; lastKnownFileType = sourcecode.swift; path = DodoPresets.swift; sourceTree = "<group>"; };
		7EDF788F1B21068800A9597E /* DodoStyle.swift */ = {isa = PBXFileReference; fileEncoding = 4; lastKnownFileType = sourcecode.swift; path = DodoStyle.swift; sourceTree = "<group>"; };
		7EDF78901B21068800A9597E /* Dodo.swift */ = {isa = PBXFileReference; fileEncoding = 4; lastKnownFileType = sourcecode.swift; path = Dodo.swift; sourceTree = "<group>"; };
		7EDF78931B21068800A9597E /* UIView+SwiftAlertBar.swift */ = {isa = PBXFileReference; fileEncoding = 4; lastKnownFileType = sourcecode.swift; path = "UIView+SwiftAlertBar.swift"; sourceTree = "<group>"; };
		7EDF78951B21068800A9597E /* MoaTimer.swift */ = {isa = PBXFileReference; fileEncoding = 4; lastKnownFileType = sourcecode.swift; path = MoaTimer.swift; sourceTree = "<group>"; };
		7EDF78961B21068800A9597E /* OnTap.swift */ = {isa = PBXFileReference; fileEncoding = 4; lastKnownFileType = sourcecode.swift; path = OnTap.swift; sourceTree = "<group>"; };
		7EDF78971B21068800A9597E /* SpringAnimationCALayer.swift */ = {isa = PBXFileReference; fileEncoding = 4; lastKnownFileType = sourcecode.swift; path = SpringAnimationCALayer.swift; sourceTree = "<group>"; };
		7EDF78981B21068800A9597E /* TegAutolayoutConstraints.swift */ = {isa = PBXFileReference; fileEncoding = 4; lastKnownFileType = sourcecode.swift; path = TegAutolayoutConstraints.swift; sourceTree = "<group>"; };
		7EDF78991B21068800A9597E /* DodoColor.swift */ = {isa = PBXFileReference; fileEncoding = 4; lastKnownFileType = sourcecode.swift; path = DodoColor.swift; sourceTree = "<group>"; };
		7EDF78B31B2106CD00A9597E /* DodoButtonViewTests.swift */ = {isa = PBXFileReference; fileEncoding = 4; lastKnownFileType = sourcecode.swift; path = DodoButtonViewTests.swift; sourceTree = "<group>"; };
		7EDF78B51B2106CD00A9597E /* DodoTouchTargetTests.swift */ = {isa = PBXFileReference; fileEncoding = 4; lastKnownFileType = sourcecode.swift; path = DodoTouchTargetTests.swift; sourceTree = "<group>"; };
		7EDF78B71B2106CD00A9597E /* 67px.png */ = {isa = PBXFileReference; lastKnownFileType = image.png; path = 67px.png; sourceTree = "<group>"; };
		7EDF78B81B2106CD00A9597E /* 96px.png */ = {isa = PBXFileReference; lastKnownFileType = image.png; path = 96px.png; sourceTree = "<group>"; };
		7EDF78B91B2106CD00A9597E /* red_and_green.png */ = {isa = PBXFileReference; lastKnownFileType = image.png; path = red_and_green.png; sourceTree = "<group>"; };
		7EDF78BC1B2106CD00A9597E /* DodoToolbarTests.swift */ = {isa = PBXFileReference; fileEncoding = 4; lastKnownFileType = sourcecode.swift; path = DodoToolbarTests.swift; sourceTree = "<group>"; };
		7EDF78BE1B2106CD00A9597E /* DodoPresetsTests.swift */ = {isa = PBXFileReference; fileEncoding = 4; lastKnownFileType = sourcecode.swift; path = DodoPresetsTests.swift; sourceTree = "<group>"; };
		7EDF78BF1B2106CD00A9597E /* DodoStyleTests.swift */ = {isa = PBXFileReference; fileEncoding = 4; lastKnownFileType = sourcecode.swift; path = DodoStyleTests.swift; sourceTree = "<group>"; };
		7EDF78C01B2106CD00A9597E /* DodoTests.swift */ = {isa = PBXFileReference; fileEncoding = 4; lastKnownFileType = sourcecode.swift; path = DodoTests.swift; sourceTree = "<group>"; };
		7EDF78C21B2106CD00A9597E /* PixelColor.swift */ = {isa = PBXFileReference; fileEncoding = 4; lastKnownFileType = sourcecode.swift; path = PixelColor.swift; sourceTree = "<group>"; };
		7EDF78C31B2106CD00A9597E /* PixelColorTests.swift */ = {isa = PBXFileReference; fileEncoding = 4; lastKnownFileType = sourcecode.swift; path = PixelColorTests.swift; sourceTree = "<group>"; };
		7EDF78C41B2106CD00A9597E /* TestBundle.swift */ = {isa = PBXFileReference; fileEncoding = 4; lastKnownFileType = sourcecode.swift; path = TestBundle.swift; sourceTree = "<group>"; };
		7EDF78C51B2106CD00A9597E /* XCTestCase+Helpers.swift */ = {isa = PBXFileReference; fileEncoding = 4; lastKnownFileType = sourcecode.swift; path = "XCTestCase+Helpers.swift"; sourceTree = "<group>"; };
		7EDF78C61B2106CD00A9597E /* UIView+SwiftAlertBarTests.swift */ = {isa = PBXFileReference; fileEncoding = 4; lastKnownFileType = sourcecode.swift; path = "UIView+SwiftAlertBarTests.swift"; sourceTree = "<group>"; };
		7EDF78C81B2106CD00A9597E /* DodoColorTests.swift */ = {isa = PBXFileReference; fileEncoding = 4; lastKnownFileType = sourcecode.swift; path = DodoColorTests.swift; sourceTree = "<group>"; };
		7EDF78F51B210BBC00A9597E /* Demo.app */ = {isa = PBXFileReference; explicitFileType = wrapper.application; includeInIndex = 0; path = Demo.app; sourceTree = BUILT_PRODUCTS_DIR; };
		7EDF78F81B210BBC00A9597E /* Info.plist */ = {isa = PBXFileReference; lastKnownFileType = text.plist.xml; path = Info.plist; sourceTree = "<group>"; };
		7EDF78F91B210BBC00A9597E /* AppDelegate.swift */ = {isa = PBXFileReference; lastKnownFileType = sourcecode.swift; path = AppDelegate.swift; sourceTree = "<group>"; };
		7EDF78FB1B210BBC00A9597E /* ViewController.swift */ = {isa = PBXFileReference; lastKnownFileType = sourcecode.swift; path = ViewController.swift; sourceTree = "<group>"; };
		7EDF79001B210BBC00A9597E /* Images.xcassets */ = {isa = PBXFileReference; lastKnownFileType = folder.assetcatalog; path = Images.xcassets; sourceTree = "<group>"; };
		7EDF79031B210BBC00A9597E /* Base */ = {isa = PBXFileReference; lastKnownFileType = file.xib; name = Base; path = Base.lproj/LaunchScreen.xib; sourceTree = "<group>"; };
		7EDF79171B210BFE00A9597E /* Main.storyboard */ = {isa = PBXFileReference; fileEncoding = 4; lastKnownFileType = file.storyboard; path = Main.storyboard; sourceTree = "<group>"; };
		7EDF791A1B210C1000A9597E /* black.png */ = {isa = PBXFileReference; lastKnownFileType = image.png; path = black.png; sourceTree = "<group>"; };
		7EDF791B1B210C1000A9597E /* flowers.jpg */ = {isa = PBXFileReference; lastKnownFileType = image.jpeg; path = flowers.jpg; sourceTree = "<group>"; };
		7EDF791C1B210C1000A9597E /* white.png */ = {isa = PBXFileReference; lastKnownFileType = image.png; path = white.png; sourceTree = "<group>"; };
		7EDF79281B210F6D00A9597E /* README.md */ = {isa = PBXFileReference; fileEncoding = 4; lastKnownFileType = net.daringfireball.markdown; path = README.md; sourceTree = "<group>"; };
		7EF94B9D1B29207F006B4429 /* DodoInterface.swift */ = {isa = PBXFileReference; fileEncoding = 4; lastKnownFileType = sourcecode.swift; path = DodoInterface.swift; sourceTree = "<group>"; };
/* End PBXFileReference section */

/* Begin PBXFrameworksBuildPhase section */
		7EDF785B1B2105F300A9597E /* Frameworks */ = {
			isa = PBXFrameworksBuildPhase;
			buildActionMask = 2147483647;
			files = (
			);
			runOnlyForDeploymentPostprocessing = 0;
		};
		7EDF78671B2105F300A9597E /* Frameworks */ = {
			isa = PBXFrameworksBuildPhase;
			buildActionMask = 2147483647;
			files = (
				7EDF786B1B2105F300A9597E /* Dodo.framework in Frameworks */,
			);
			runOnlyForDeploymentPostprocessing = 0;
		};
		7EDF78F21B210BBC00A9597E /* Frameworks */ = {
			isa = PBXFrameworksBuildPhase;
			buildActionMask = 2147483647;
			files = (
				7EDF79221B210DC500A9597E /* Dodo.framework in Frameworks */,
			);
			runOnlyForDeploymentPostprocessing = 0;
		};
/* End PBXFrameworksBuildPhase section */

/* Begin PBXGroup section */
		7E49464A1B2665E100915DB3 /* Icons */ = {
			isa = PBXGroup;
			children = (
				7E49464D1B26664B00915DB3 /* DodoIcons.swift */,
				7E49464B1B2665FF00915DB3 /* Icons.xcassets */,
			);
			path = Icons;
			sourceTree = "<group>";
		};
		7E4946561B26954500915DB3 /* Mocks */ = {
			isa = PBXGroup;
			children = (
				7E4946571B26955600915DB3 /* ButtonViewDelegateMock.swift */,
			);
			path = Mocks;
			sourceTree = "<group>";
		};
		7E7084A61B27ABEC00D0E36D /* Distrib */ = {
			isa = PBXGroup;
			children = (
				7E7084A71B27AC0A00D0E36D /* DodoDistrib.swift */,
			);
			path = Distrib;
			sourceTree = "<group>";
		};
		7EDF78551B2105F300A9597E = {
			isa = PBXGroup;
			children = (
				7EDF78611B2105F300A9597E /* Dodo */,
				7EDF786E1B2105F300A9597E /* DodoTests */,
				7EDF78F61B210BBC00A9597E /* Demo */,
				7EDF78601B2105F300A9597E /* Products */,
				7E7084A61B27ABEC00D0E36D /* Distrib */,
				7EDF79281B210F6D00A9597E /* README.md */,
			);
			sourceTree = "<group>";
		};
		7EDF78601B2105F300A9597E /* Products */ = {
			isa = PBXGroup;
			children = (
				7EDF785F1B2105F300A9597E /* Dodo.framework */,
				7EDF786A1B2105F300A9597E /* DodoTests.xctest */,
				7EDF78F51B210BBC00A9597E /* Demo.app */,
			);
			name = Products;
			sourceTree = "<group>";
		};
		7EDF78611B2105F300A9597E /* Dodo */ = {
			isa = PBXGroup;
			children = (
				7EDF787B1B21068800A9597E /* Animators */,
				7EDF787F1B21068800A9597E /* Buttons */,
				7E49464A1B2665E100915DB3 /* Icons */,
				7EDF78831B21068800A9597E /* Helpers */,
				7EDF78871B21068800A9597E /* Style */,
				7EDF78941B21068800A9597E /* Utils */,
				7EDF78861B21068800A9597E /* DodoToolbar.swift */,
				7EDF78901B21068800A9597E /* Dodo.swift */,
				7EF94B9D1B29207F006B4429 /* DodoInterface.swift */,
				7EDF78931B21068800A9597E /* UIView+SwiftAlertBar.swift */,
				7EDF78641B2105F300A9597E /* Dodo.h */,
				7EDF78621B2105F300A9597E /* Supporting Files */,
			);
			path = Dodo;
			sourceTree = "<group>";
		};
		7EDF78621B2105F300A9597E /* Supporting Files */ = {
			isa = PBXGroup;
			children = (
				7EDF78631B2105F300A9597E /* Info.plist */,
			);
			name = "Supporting Files";
			sourceTree = "<group>";
		};
		7EDF786E1B2105F300A9597E /* DodoTests */ = {
			isa = PBXGroup;
			children = (
				7EDF78B21B2106CD00A9597E /* Buttons */,
				7EDF78B41B2106CD00A9597E /* Helpers */,
				7EDF78B61B2106CD00A9597E /* Image */,
				7E4946561B26954500915DB3 /* Mocks */,
				7EDF78BD1B2106CD00A9597E /* Style */,
				7EDF78C11B2106CD00A9597E /* TestHelpers */,
				7EDF78C71B2106CD00A9597E /* Utils */,
				7EDF78BC1B2106CD00A9597E /* DodoToolbarTests.swift */,
				7EDF78C01B2106CD00A9597E /* DodoTests.swift */,
				7EDF78C61B2106CD00A9597E /* UIView+SwiftAlertBarTests.swift */,
				7EDF786F1B2105F300A9597E /* Supporting Files */,
			);
			path = DodoTests;
			sourceTree = "<group>";
		};
		7EDF786F1B2105F300A9597E /* Supporting Files */ = {
			isa = PBXGroup;
			children = (
				7EDF78701B2105F300A9597E /* Info.plist */,
			);
			name = "Supporting Files";
			sourceTree = "<group>";
		};
		7EDF787B1B21068800A9597E /* Animators */ = {
			isa = PBXGroup;
			children = (
				7E4066B71B212C7000E0AC41 /* DodoAnimations.swift */,
				7EC51DA31B215C070070019F /* DodoAnimationsShow.swift */,
				7EC51DA51B215C9D0070019F /* DodoAnimationsHide.swift */,
				7E4066B51B212BCB00E0AC41 /* DodoAnimation.swift */,
			);
			path = Animators;
			sourceTree = "<group>";
		};
		7EDF787F1B21068800A9597E /* Buttons */ = {
			isa = PBXGroup;
			children = (
				7EDF78811B21068800A9597E /* DodoButtonOnTap.swift */,
				7EDF78821B21068800A9597E /* DodoButtonView.swift */,
				7E4946531B26942000915DB3 /* DodoButtonViewDelegate.swift */,
			);
			path = Buttons;
			sourceTree = "<group>";
		};
		7EDF78831B21068800A9597E /* Helpers */ = {
			isa = PBXGroup;
			children = (
				7EDF78841B21068800A9597E /* DodoTouchTarget.swift */,
			);
			path = Helpers;
			sourceTree = "<group>";
		};
		7EDF78871B21068800A9597E /* Style */ = {
			isa = PBXGroup;
			children = (
				7EDF78881B21068800A9597E /* DodoBarDefaultStyles.swift */,
				7EDF78891B21068800A9597E /* DodoBarStyle.swift */,
				7EDF788A1B21068800A9597E /* DodoButtonDefaultStyles.swift */,
				7EDF788B1B21068800A9597E /* DodoButtonStyle.swift */,
				7EDF788C1B21068800A9597E /* DodoLabelDefaultStyles.swift */,
				7EDF788D1B21068800A9597E /* DodoLabelStyle.swift */,
				7EDF788E1B21068800A9597E /* DodoPresets.swift */,
				7EDF788F1B21068800A9597E /* DodoStyle.swift */,
			);
			path = Style;
			sourceTree = "<group>";
		};
		7EDF78941B21068800A9597E /* Utils */ = {
			isa = PBXGroup;
			children = (
				7EDF78951B21068800A9597E /* MoaTimer.swift */,
				7EDF78961B21068800A9597E /* OnTap.swift */,
				7EDF78971B21068800A9597E /* SpringAnimationCALayer.swift */,
				7EDF78981B21068800A9597E /* TegAutolayoutConstraints.swift */,
				7EDF78991B21068800A9597E /* DodoColor.swift */,
			);
			path = Utils;
			sourceTree = "<group>";
		};
		7EDF78B21B2106CD00A9597E /* Buttons */ = {
			isa = PBXGroup;
			children = (
				7EDF78B31B2106CD00A9597E /* DodoButtonViewTests.swift */,
			);
			path = Buttons;
			sourceTree = "<group>";
		};
		7EDF78B41B2106CD00A9597E /* Helpers */ = {
			isa = PBXGroup;
			children = (
				7EDF78B51B2106CD00A9597E /* DodoTouchTargetTests.swift */,
			);
			path = Helpers;
			sourceTree = "<group>";
		};
		7EDF78B61B2106CD00A9597E /* Image */ = {
			isa = PBXGroup;
			children = (
				7EDF78B71B2106CD00A9597E /* 67px.png */,
				7EDF78B81B2106CD00A9597E /* 96px.png */,
				7EDF78B91B2106CD00A9597E /* red_and_green.png */,
			);
			path = Image;
			sourceTree = "<group>";
		};
		7EDF78BD1B2106CD00A9597E /* Style */ = {
			isa = PBXGroup;
			children = (
				7EDF78BE1B2106CD00A9597E /* DodoPresetsTests.swift */,
				7EDF78BF1B2106CD00A9597E /* DodoStyleTests.swift */,
			);
			path = Style;
			sourceTree = "<group>";
		};
		7EDF78C11B2106CD00A9597E /* TestHelpers */ = {
			isa = PBXGroup;
			children = (
				7EDF78C21B2106CD00A9597E /* PixelColor.swift */,
				7EDF78C31B2106CD00A9597E /* PixelColorTests.swift */,
				7EDF78C41B2106CD00A9597E /* TestBundle.swift */,
				7EDF78C51B2106CD00A9597E /* XCTestCase+Helpers.swift */,
			);
			path = TestHelpers;
			sourceTree = "<group>";
		};
		7EDF78C71B2106CD00A9597E /* Utils */ = {
			isa = PBXGroup;
			children = (
				7EDF78C81B2106CD00A9597E /* DodoColorTests.swift */,
			);
			path = Utils;
			sourceTree = "<group>";
		};
		7EDF78F61B210BBC00A9597E /* Demo */ = {
			isa = PBXGroup;
			children = (
				7EDF79191B210C1000A9597E /* Images */,
				7EDF78F91B210BBC00A9597E /* AppDelegate.swift */,
				7EDF78FB1B210BBC00A9597E /* ViewController.swift */,
				7EDF79171B210BFE00A9597E /* Main.storyboard */,
				7EDF79001B210BBC00A9597E /* Images.xcassets */,
				7EDF79021B210BBC00A9597E /* LaunchScreen.xib */,
				7EDF78F71B210BBC00A9597E /* Supporting Files */,
			);
			path = Demo;
			sourceTree = "<group>";
		};
		7EDF78F71B210BBC00A9597E /* Supporting Files */ = {
			isa = PBXGroup;
			children = (
				7EDF78F81B210BBC00A9597E /* Info.plist */,
			);
			name = "Supporting Files";
			sourceTree = "<group>";
		};
		7EDF79191B210C1000A9597E /* Images */ = {
			isa = PBXGroup;
			children = (
				7E8806171B281886005F8297 /* Dodo.png */,
				7EDF791A1B210C1000A9597E /* black.png */,
				7EDF791B1B210C1000A9597E /* flowers.jpg */,
				7EDF791C1B210C1000A9597E /* white.png */,
			);
			path = Images;
			sourceTree = "<group>";
		};
/* End PBXGroup section */

/* Begin PBXHeadersBuildPhase section */
		7EDF785C1B2105F300A9597E /* Headers */ = {
			isa = PBXHeadersBuildPhase;
			buildActionMask = 2147483647;
			files = (
				7EDF78651B2105F300A9597E /* Dodo.h in Headers */,
			);
			runOnlyForDeploymentPostprocessing = 0;
		};
/* End PBXHeadersBuildPhase section */

/* Begin PBXLegacyTarget section */
		7E7084A21B27AB1C00D0E36D /* ConcatenateSwiftFiles */ = {
			isa = PBXLegacyTarget;
			buildArgumentsString = "$PROJECT_DIR/Dodo $PROJECT_DIR/Distrib/DodoDistrib.swift \"//\n// Dodo\n//\n// A message bar for iOS.\n//\n// https://github.com/exchangegroup/Dodo\n//\n// This file was automatically generated by combining multiple Swift source files.\n//\"";
			buildConfigurationList = 7E7084A51B27AB1C00D0E36D /* Build configuration list for PBXLegacyTarget "ConcatenateSwiftFiles" */;
			buildPhases = (
			);
			buildToolPath = $PROJECT_DIR/scripts/concatenate_swift_files.sh;
			buildWorkingDirectory = "";
			dependencies = (
			);
			name = ConcatenateSwiftFiles;
			passBuildSettingsInEnvironment = 1;
			productName = ConcatenateSwiftFiles;
		};
/* End PBXLegacyTarget section */

/* Begin PBXNativeTarget section */
		7EDF785E1B2105F300A9597E /* Dodo */ = {
			isa = PBXNativeTarget;
			buildConfigurationList = 7EDF78751B2105F300A9597E /* Build configuration list for PBXNativeTarget "Dodo" */;
			buildPhases = (
				7EDF785A1B2105F300A9597E /* Sources */,
				7EDF785B1B2105F300A9597E /* Frameworks */,
				7EDF785C1B2105F300A9597E /* Headers */,
				7EDF785D1B2105F300A9597E /* Resources */,
			);
			buildRules = (
			);
			dependencies = (
			);
			name = Dodo;
			productName = Dodo;
			productReference = 7EDF785F1B2105F300A9597E /* Dodo.framework */;
			productType = "com.apple.product-type.framework";
		};
		7EDF78691B2105F300A9597E /* DodoTests */ = {
			isa = PBXNativeTarget;
			buildConfigurationList = 7EDF78781B2105F300A9597E /* Build configuration list for PBXNativeTarget "DodoTests" */;
			buildPhases = (
				7EDF78661B2105F300A9597E /* Sources */,
				7EDF78671B2105F300A9597E /* Frameworks */,
				7EDF78681B2105F300A9597E /* Resources */,
			);
			buildRules = (
			);
			dependencies = (
				7EDF786D1B2105F300A9597E /* PBXTargetDependency */,
			);
			name = DodoTests;
			productName = DodoTests;
			productReference = 7EDF786A1B2105F300A9597E /* DodoTests.xctest */;
			productType = "com.apple.product-type.bundle.unit-test";
		};
		7EDF78F41B210BBC00A9597E /* Demo */ = {
			isa = PBXNativeTarget;
			buildConfigurationList = 7EDF79111B210BBD00A9597E /* Build configuration list for PBXNativeTarget "Demo" */;
			buildPhases = (
				7EDF78F11B210BBC00A9597E /* Sources */,
				7EDF78F21B210BBC00A9597E /* Frameworks */,
				7EDF78F31B210BBC00A9597E /* Resources */,
				7EDF79261B210DC600A9597E /* Embed Frameworks */,
			);
			buildRules = (
			);
			dependencies = (
				7EDF79251B210DC500A9597E /* PBXTargetDependency */,
			);
			name = Demo;
			productName = Demo;
			productReference = 7EDF78F51B210BBC00A9597E /* Demo.app */;
			productType = "com.apple.product-type.application";
		};
/* End PBXNativeTarget section */

/* Begin PBXProject section */
		7EDF78561B2105F300A9597E /* Project object */ = {
			isa = PBXProject;
			attributes = {
				LastUpgradeCheck = 0640;
				ORGANIZATIONNAME = Marketplacer;
				TargetAttributes = {
					7E7084A21B27AB1C00D0E36D = {
						CreatedOnToolsVersion = 6.4;
					};
					7EDF785E1B2105F300A9597E = {
						CreatedOnToolsVersion = 6.4;
					};
					7EDF78691B2105F300A9597E = {
						CreatedOnToolsVersion = 6.4;
					};
					7EDF78F41B210BBC00A9597E = {
						CreatedOnToolsVersion = 6.4;
					};
				};
			};
			buildConfigurationList = 7EDF78591B2105F300A9597E /* Build configuration list for PBXProject "Dodo" */;
			compatibilityVersion = "Xcode 3.2";
			developmentRegion = English;
			hasScannedForEncodings = 0;
			knownRegions = (
				en,
				Base,
			);
			mainGroup = 7EDF78551B2105F300A9597E;
			productRefGroup = 7EDF78601B2105F300A9597E /* Products */;
			projectDirPath = "";
			projectRoot = "";
			targets = (
				7EDF785E1B2105F300A9597E /* Dodo */,
				7EDF78691B2105F300A9597E /* DodoTests */,
				7EDF78F41B210BBC00A9597E /* Demo */,
				7E7084A21B27AB1C00D0E36D /* ConcatenateSwiftFiles */,
			);
		};
/* End PBXProject section */

/* Begin PBXResourcesBuildPhase section */
		7EDF785D1B2105F300A9597E /* Resources */ = {
			isa = PBXResourcesBuildPhase;
			buildActionMask = 2147483647;
			files = (
				7E49464C1B2665FF00915DB3 /* Icons.xcassets in Resources */,
			);
			runOnlyForDeploymentPostprocessing = 0;
		};
		7EDF78681B2105F300A9597E /* Resources */ = {
			isa = PBXResourcesBuildPhase;
			buildActionMask = 2147483647;
			files = (
				7EDF78CC1B2106CD00A9597E /* 96px.png in Resources */,
				7EDF78CD1B2106CD00A9597E /* red_and_green.png in Resources */,
				7E4946501B26705F00915DB3 /* Icons.xcassets in Resources */,
				7EDF78CB1B2106CD00A9597E /* 67px.png in Resources */,
			);
			runOnlyForDeploymentPostprocessing = 0;
		};
		7EDF78F31B210BBC00A9597E /* Resources */ = {
			isa = PBXResourcesBuildPhase;
			buildActionMask = 2147483647;
			files = (
				7EDF791E1B210C1000A9597E /* flowers.jpg in Resources */,
				7E8806181B281886005F8297 /* Dodo.png in Resources */,
				7EDF79181B210BFE00A9597E /* Main.storyboard in Resources */,
				7EDF791D1B210C1000A9597E /* black.png in Resources */,
				7EDF79041B210BBC00A9597E /* LaunchScreen.xib in Resources */,
				7EDF79011B210BBC00A9597E /* Images.xcassets in Resources */,
				7EDF791F1B210C1000A9597E /* white.png in Resources */,
			);
			runOnlyForDeploymentPostprocessing = 0;
		};
/* End PBXResourcesBuildPhase section */

/* Begin PBXSourcesBuildPhase section */
		7EDF785A1B2105F300A9597E /* Sources */ = {
			isa = PBXSourcesBuildPhase;
			buildActionMask = 2147483647;
			files = (
				7EDF78A41B21068800A9597E /* DodoBarStyle.swift in Sources */,
				7EDF78A81B21068800A9597E /* DodoLabelStyle.swift in Sources */,
				7E4066B81B212C7000E0AC41 /* DodoAnimations.swift in Sources */,
				7EDF78A21B21068800A9597E /* DodoToolbar.swift in Sources */,
				7E49464E1B26664B00915DB3 /* DodoIcons.swift in Sources */,
				7E4066B61B212BCB00E0AC41 /* DodoAnimation.swift in Sources */,
				7EC51DA61B215C9D0070019F /* DodoAnimationsHide.swift in Sources */,
				7EDF78A51B21068800A9597E /* DodoButtonDefaultStyles.swift in Sources */,
				7EDF78A61B21068800A9597E /* DodoButtonStyle.swift in Sources */,
				7EDF78B01B21068800A9597E /* TegAutolayoutConstraints.swift in Sources */,
				7EDF78A31B21068800A9597E /* DodoBarDefaultStyles.swift in Sources */,
				7E4946541B26942000915DB3 /* DodoButtonViewDelegate.swift in Sources */,
				7EDF78B11B21068800A9597E /* DodoColor.swift in Sources */,
				7EDF78A91B21068800A9597E /* DodoPresets.swift in Sources */,
				7EC51DA41B215C070070019F /* DodoAnimationsShow.swift in Sources */,
				7EF94B9E1B29207F006B4429 /* DodoInterface.swift in Sources */,
				7EDF78AA1B21068800A9597E /* DodoStyle.swift in Sources */,
				7EDF789E1B21068800A9597E /* DodoButtonOnTap.swift in Sources */,
				7EDF78AC1B21068800A9597E /* UIView+SwiftAlertBar.swift in Sources */,
				7EDF78AF1B21068800A9597E /* SpringAnimationCALayer.swift in Sources */,
				7EDF78A71B21068800A9597E /* DodoLabelDefaultStyles.swift in Sources */,
				7EDF78AD1B21068800A9597E /* MoaTimer.swift in Sources */,
				7EDF78AB1B21068800A9597E /* Dodo.swift in Sources */,
				7EDF78A01B21068800A9597E /* DodoTouchTarget.swift in Sources */,
				7EDF78AE1B21068800A9597E /* OnTap.swift in Sources */,
				7EDF789F1B21068800A9597E /* DodoButtonView.swift in Sources */,
			);
			runOnlyForDeploymentPostprocessing = 0;
		};
		7EDF78661B2105F300A9597E /* Sources */ = {
			isa = PBXSourcesBuildPhase;
			buildActionMask = 2147483647;
			files = (
				7EDF78EE1B21072900A9597E /* DodoToolbar.swift in Sources */,
				7EDF78D61B2106CD00A9597E /* XCTestCase+Helpers.swift in Sources */,
				7EDF78D21B2106CD00A9597E /* DodoTests.swift in Sources */,
				7E4946581B26955600915DB3 /* ButtonViewDelegateMock.swift in Sources */,
				7E4946551B26942C00915DB3 /* DodoButtonViewDelegate.swift in Sources */,
				7EDF78E21B21071500A9597E /* DodoButtonDefaultStyles.swift in Sources */,
				7E49464F1B2666DF00915DB3 /* DodoIcons.swift in Sources */,
				7EDF78E91B21072200A9597E /* OnTap.swift in Sources */,
				7EC51DA71B215D450070019F /* DodoAnimationsShow.swift in Sources */,
				7EDF78DF1B21070E00A9597E /* DodoTouchTarget.swift in Sources */,
				7EDF78D71B2106CD00A9597E /* UIView+SwiftAlertBarTests.swift in Sources */,
				7EDF78E01B21071500A9597E /* DodoBarDefaultStyles.swift in Sources */,
				7EDF78CA1B2106CD00A9597E /* DodoTouchTargetTests.swift in Sources */,
				7EDF78EA1B21072200A9597E /* SpringAnimationCALayer.swift in Sources */,
				7EDF78EB1B21072200A9597E /* TegAutolayoutConstraints.swift in Sources */,
				7E4066B91B2131F900E0AC41 /* DodoAnimations.swift in Sources */,
				7EDF78E11B21071500A9597E /* DodoBarStyle.swift in Sources */,
				7EDF78EC1B21072200A9597E /* DodoColor.swift in Sources */,
				7EDF78E61B21071500A9597E /* DodoPresets.swift in Sources */,
				7EDF78D51B2106CD00A9597E /* TestBundle.swift in Sources */,
				7EDF78D11B2106CD00A9597E /* DodoStyleTests.swift in Sources */,
				7EDF78D01B2106CD00A9597E /* DodoPresetsTests.swift in Sources */,
				7EDF78EF1B21072900A9597E /* Dodo.swift in Sources */,
				7EDF78D41B2106CD00A9597E /* PixelColorTests.swift in Sources */,
				7EDF78DD1B21070A00A9597E /* DodoButtonOnTap.swift in Sources */,
				7EDF78E41B21071500A9597E /* DodoLabelDefaultStyles.swift in Sources */,
				7EDF78D81B2106CD00A9597E /* DodoColorTests.swift in Sources */,
				7EDF78C91B2106CD00A9597E /* DodoButtonViewTests.swift in Sources */,
				7EDF78F01B21072900A9597E /* UIView+SwiftAlertBar.swift in Sources */,
				7EDF78CF1B2106CD00A9597E /* DodoToolbarTests.swift in Sources */,
				7EDF78E71B21071500A9597E /* DodoStyle.swift in Sources */,
				7EDF78E81B21072200A9597E /* MoaTimer.swift in Sources */,
				7EC51DA81B215D470070019F /* DodoAnimationsHide.swift in Sources */,
				7EDF78D31B2106CD00A9597E /* PixelColor.swift in Sources */,
				7EDF78DE1B21070A00A9597E /* DodoButtonView.swift in Sources */,
				7E4066BA1B2131FE00E0AC41 /* DodoAnimation.swift in Sources */,
				7EDF78E51B21071500A9597E /* DodoLabelStyle.swift in Sources */,
				7EDF78E31B21071500A9597E /* DodoButtonStyle.swift in Sources */,
			);
			runOnlyForDeploymentPostprocessing = 0;
		};
		7EDF78F11B210BBC00A9597E /* Sources */ = {
			isa = PBXSourcesBuildPhase;
			buildActionMask = 2147483647;
			files = (
				7EDF79211B210CD100A9597E /* TegAutolayoutConstraints.swift in Sources */,
				7EDF78FC1B210BBC00A9597E /* ViewController.swift in Sources */,
				7EDF79201B210C5300A9597E /* MoaTimer.swift in Sources */,
				7EDF78FA1B210BBC00A9597E /* AppDelegate.swift in Sources */,
				7EDF79271B210DEE00A9597E /* SpringAnimationCALayer.swift in Sources */,
			);
			runOnlyForDeploymentPostprocessing = 0;
		};
/* End PBXSourcesBuildPhase section */

/* Begin PBXTargetDependency section */
		7EDF786D1B2105F300A9597E /* PBXTargetDependency */ = {
			isa = PBXTargetDependency;
			target = 7EDF785E1B2105F300A9597E /* Dodo */;
			targetProxy = 7EDF786C1B2105F300A9597E /* PBXContainerItemProxy */;
		};
		7EDF79251B210DC500A9597E /* PBXTargetDependency */ = {
			isa = PBXTargetDependency;
			target = 7EDF785E1B2105F300A9597E /* Dodo */;
			targetProxy = 7EDF79241B210DC500A9597E /* PBXContainerItemProxy */;
		};
/* End PBXTargetDependency section */

/* Begin PBXVariantGroup section */
		7EDF79021B210BBC00A9597E /* LaunchScreen.xib */ = {
			isa = PBXVariantGroup;
			children = (
				7EDF79031B210BBC00A9597E /* Base */,
			);
			name = LaunchScreen.xib;
			sourceTree = "<group>";
		};
/* End PBXVariantGroup section */

/* Begin XCBuildConfiguration section */
		7E7084A31B27AB1C00D0E36D /* Debug */ = {
			isa = XCBuildConfiguration;
			buildSettings = {
				DEBUGGING_SYMBOLS = YES;
				DEBUG_INFORMATION_FORMAT = dwarf;
				GCC_GENERATE_DEBUGGING_SYMBOLS = YES;
				GCC_OPTIMIZATION_LEVEL = 0;
				GCC_PREPROCESSOR_DEFINITIONS = (
					"DEBUG=1",
					"$(inherited)",
				);
				MACOSX_DEPLOYMENT_TARGET = 10.10;
				OTHER_CFLAGS = "";
				OTHER_LDFLAGS = "";
				PRODUCT_NAME = "$(TARGET_NAME)";
				SDKROOT = macosx;
			};
			name = Debug;
		};
		7E7084A41B27AB1C00D0E36D /* Release */ = {
			isa = XCBuildConfiguration;
			buildSettings = {
				MACOSX_DEPLOYMENT_TARGET = 10.10;
				OTHER_CFLAGS = "";
				OTHER_LDFLAGS = "";
				PRODUCT_NAME = "$(TARGET_NAME)";
				SDKROOT = macosx;
			};
			name = Release;
		};
		7EDF78731B2105F300A9597E /* Debug */ = {
			isa = XCBuildConfiguration;
			buildSettings = {
				ALWAYS_SEARCH_USER_PATHS = NO;
				CLANG_CXX_LANGUAGE_STANDARD = "gnu++0x";
				CLANG_CXX_LIBRARY = "libc++";
				CLANG_ENABLE_MODULES = YES;
				CLANG_ENABLE_OBJC_ARC = YES;
				CLANG_WARN_BOOL_CONVERSION = YES;
				CLANG_WARN_CONSTANT_CONVERSION = YES;
				CLANG_WARN_DIRECT_OBJC_ISA_USAGE = YES_ERROR;
				CLANG_WARN_EMPTY_BODY = YES;
				CLANG_WARN_ENUM_CONVERSION = YES;
				CLANG_WARN_INT_CONVERSION = YES;
				CLANG_WARN_OBJC_ROOT_CLASS = YES_ERROR;
				CLANG_WARN_UNREACHABLE_CODE = YES;
				CLANG_WARN__DUPLICATE_METHOD_MATCH = YES;
				"CODE_SIGN_IDENTITY[sdk=iphoneos*]" = "iPhone Developer";
				COPY_PHASE_STRIP = NO;
				CURRENT_PROJECT_VERSION = 1;
				DEBUG_INFORMATION_FORMAT = "dwarf-with-dsym";
				ENABLE_STRICT_OBJC_MSGSEND = YES;
				GCC_C_LANGUAGE_STANDARD = gnu99;
				GCC_DYNAMIC_NO_PIC = NO;
				GCC_NO_COMMON_BLOCKS = YES;
				GCC_OPTIMIZATION_LEVEL = 0;
				GCC_PREPROCESSOR_DEFINITIONS = (
					"DEBUG=1",
					"$(inherited)",
				);
				GCC_SYMBOLS_PRIVATE_EXTERN = NO;
				GCC_WARN_64_TO_32_BIT_CONVERSION = YES;
				GCC_WARN_ABOUT_RETURN_TYPE = YES_ERROR;
				GCC_WARN_UNDECLARED_SELECTOR = YES;
				GCC_WARN_UNINITIALIZED_AUTOS = YES_AGGRESSIVE;
				GCC_WARN_UNUSED_FUNCTION = YES;
				GCC_WARN_UNUSED_VARIABLE = YES;
				IPHONEOS_DEPLOYMENT_TARGET = 8.0;
				MTL_ENABLE_DEBUG_INFO = YES;
				ONLY_ACTIVE_ARCH = YES;
				SDKROOT = iphoneos;
				SWIFT_OPTIMIZATION_LEVEL = "-Onone";
				TARGETED_DEVICE_FAMILY = "1,2";
				VERSIONING_SYSTEM = "apple-generic";
				VERSION_INFO_PREFIX = "";
			};
			name = Debug;
		};
		7EDF78741B2105F300A9597E /* Release */ = {
			isa = XCBuildConfiguration;
			buildSettings = {
				ALWAYS_SEARCH_USER_PATHS = NO;
				CLANG_CXX_LANGUAGE_STANDARD = "gnu++0x";
				CLANG_CXX_LIBRARY = "libc++";
				CLANG_ENABLE_MODULES = YES;
				CLANG_ENABLE_OBJC_ARC = YES;
				CLANG_WARN_BOOL_CONVERSION = YES;
				CLANG_WARN_CONSTANT_CONVERSION = YES;
				CLANG_WARN_DIRECT_OBJC_ISA_USAGE = YES_ERROR;
				CLANG_WARN_EMPTY_BODY = YES;
				CLANG_WARN_ENUM_CONVERSION = YES;
				CLANG_WARN_INT_CONVERSION = YES;
				CLANG_WARN_OBJC_ROOT_CLASS = YES_ERROR;
				CLANG_WARN_UNREACHABLE_CODE = YES;
				CLANG_WARN__DUPLICATE_METHOD_MATCH = YES;
				"CODE_SIGN_IDENTITY[sdk=iphoneos*]" = "iPhone Developer";
				COPY_PHASE_STRIP = NO;
				CURRENT_PROJECT_VERSION = 1;
				DEBUG_INFORMATION_FORMAT = "dwarf-with-dsym";
				ENABLE_NS_ASSERTIONS = NO;
				ENABLE_STRICT_OBJC_MSGSEND = YES;
				GCC_C_LANGUAGE_STANDARD = gnu99;
				GCC_NO_COMMON_BLOCKS = YES;
				GCC_WARN_64_TO_32_BIT_CONVERSION = YES;
				GCC_WARN_ABOUT_RETURN_TYPE = YES_ERROR;
				GCC_WARN_UNDECLARED_SELECTOR = YES;
				GCC_WARN_UNINITIALIZED_AUTOS = YES_AGGRESSIVE;
				GCC_WARN_UNUSED_FUNCTION = YES;
				GCC_WARN_UNUSED_VARIABLE = YES;
				IPHONEOS_DEPLOYMENT_TARGET = 8.0;
				MTL_ENABLE_DEBUG_INFO = NO;
				SDKROOT = iphoneos;
				TARGETED_DEVICE_FAMILY = "1,2";
				VALIDATE_PRODUCT = YES;
				VERSIONING_SYSTEM = "apple-generic";
				VERSION_INFO_PREFIX = "";
			};
			name = Release;
		};
		7EDF78761B2105F300A9597E /* Debug */ = {
			isa = XCBuildConfiguration;
			buildSettings = {
				CLANG_ENABLE_MODULES = YES;
				DEFINES_MODULE = YES;
				DYLIB_COMPATIBILITY_VERSION = 1;
				DYLIB_CURRENT_VERSION = 1;
				DYLIB_INSTALL_NAME_BASE = "@rpath";
				INFOPLIST_FILE = Dodo/Info.plist;
				INSTALL_PATH = "$(LOCAL_LIBRARY_DIR)/Frameworks";
				LD_RUNPATH_SEARCH_PATHS = "$(inherited) @executable_path/Frameworks @loader_path/Frameworks";
				PRODUCT_NAME = "$(TARGET_NAME)";
				SKIP_INSTALL = YES;
				SWIFT_OPTIMIZATION_LEVEL = "-Onone";
			};
			name = Debug;
		};
		7EDF78771B2105F300A9597E /* Release */ = {
			isa = XCBuildConfiguration;
			buildSettings = {
				CLANG_ENABLE_MODULES = YES;
				DEFINES_MODULE = YES;
				DYLIB_COMPATIBILITY_VERSION = 1;
				DYLIB_CURRENT_VERSION = 1;
				DYLIB_INSTALL_NAME_BASE = "@rpath";
				INFOPLIST_FILE = Dodo/Info.plist;
				INSTALL_PATH = "$(LOCAL_LIBRARY_DIR)/Frameworks";
				LD_RUNPATH_SEARCH_PATHS = "$(inherited) @executable_path/Frameworks @loader_path/Frameworks";
				PRODUCT_NAME = "$(TARGET_NAME)";
				SKIP_INSTALL = YES;
			};
			name = Release;
		};
		7EDF78791B2105F300A9597E /* Debug */ = {
			isa = XCBuildConfiguration;
			buildSettings = {
				FRAMEWORK_SEARCH_PATHS = (
					"$(SDKROOT)/Developer/Library/Frameworks",
					"$(inherited)",
				);
				GCC_PREPROCESSOR_DEFINITIONS = (
					"DEBUG=1",
					"$(inherited)",
				);
				INFOPLIST_FILE = DodoTests/Info.plist;
				LD_RUNPATH_SEARCH_PATHS = "$(inherited) @executable_path/Frameworks @loader_path/Frameworks";
				PRODUCT_NAME = "$(TARGET_NAME)";
			};
			name = Debug;
		};
		7EDF787A1B2105F300A9597E /* Release */ = {
			isa = XCBuildConfiguration;
			buildSettings = {
				FRAMEWORK_SEARCH_PATHS = (
					"$(SDKROOT)/Developer/Library/Frameworks",
					"$(inherited)",
				);
				INFOPLIST_FILE = DodoTests/Info.plist;
				LD_RUNPATH_SEARCH_PATHS = "$(inherited) @executable_path/Frameworks @loader_path/Frameworks";
				PRODUCT_NAME = "$(TARGET_NAME)";
			};
			name = Release;
		};
		7EDF79121B210BBD00A9597E /* Debug */ = {
			isa = XCBuildConfiguration;
			buildSettings = {
				ASSETCATALOG_COMPILER_APPICON_NAME = AppIcon;
				GCC_PREPROCESSOR_DEFINITIONS = (
					"DEBUG=1",
					"$(inherited)",
				);
				INFOPLIST_FILE = Demo/Info.plist;
				LD_RUNPATH_SEARCH_PATHS = "$(inherited) @executable_path/Frameworks";
				PRODUCT_NAME = "$(TARGET_NAME)";
			};
			name = Debug;
		};
		7EDF79131B210BBD00A9597E /* Release */ = {
			isa = XCBuildConfiguration;
			buildSettings = {
				ASSETCATALOG_COMPILER_APPICON_NAME = AppIcon;
				INFOPLIST_FILE = Demo/Info.plist;
				LD_RUNPATH_SEARCH_PATHS = "$(inherited) @executable_path/Frameworks";
				PRODUCT_NAME = "$(TARGET_NAME)";
			};
			name = Release;
		};
/* End XCBuildConfiguration section */

/* Begin XCConfigurationList section */
		7E7084A51B27AB1C00D0E36D /* Build configuration list for PBXLegacyTarget "ConcatenateSwiftFiles" */ = {
			isa = XCConfigurationList;
			buildConfigurations = (
				7E7084A31B27AB1C00D0E36D /* Debug */,
				7E7084A41B27AB1C00D0E36D /* Release */,
			);
			defaultConfigurationIsVisible = 0;
			defaultConfigurationName = Release;
		};
		7EDF78591B2105F300A9597E /* Build configuration list for PBXProject "Dodo" */ = {
			isa = XCConfigurationList;
			buildConfigurations = (
				7EDF78731B2105F300A9597E /* Debug */,
				7EDF78741B2105F300A9597E /* Release */,
			);
			defaultConfigurationIsVisible = 0;
			defaultConfigurationName = Release;
		};
		7EDF78751B2105F300A9597E /* Build configuration list for PBXNativeTarget "Dodo" */ = {
			isa = XCConfigurationList;
			buildConfigurations = (
				7EDF78761B2105F300A9597E /* Debug */,
				7EDF78771B2105F300A9597E /* Release */,
			);
			defaultConfigurationIsVisible = 0;
			defaultConfigurationName = Release;
		};
		7EDF78781B2105F300A9597E /* Build configuration list for PBXNativeTarget "DodoTests" */ = {
			isa = XCConfigurationList;
			buildConfigurations = (
				7EDF78791B2105F300A9597E /* Debug */,
				7EDF787A1B2105F300A9597E /* Release */,
			);
			defaultConfigurationIsVisible = 0;
			defaultConfigurationName = Release;
		};
		7EDF79111B210BBD00A9597E /* Build configuration list for PBXNativeTarget "Demo" */ = {
			isa = XCConfigurationList;
			buildConfigurations = (
				7EDF79121B210BBD00A9597E /* Debug */,
				7EDF79131B210BBD00A9597E /* Release */,
			);
			defaultConfigurationIsVisible = 0;
			defaultConfigurationName = Release;
		};
/* End XCConfigurationList section */
	};
	rootObject = 7EDF78561B2105F300A9597E /* Project object */;
}
